
Microsoft Visual Studio Solution File, Format Version 12.00
# Visual Studio Version 17
VisualStudioVersion = 17.6.33815.320
MinimumVisualStudioVersion = 10.0.40219.1
Project("{FAE04EC0-301F-11D3-BF4B-00C04F79EFBC}") = "TestASP2", "TestASP2\TestASP2.csproj", "{30EAB3DE-F47E-45C8-B779-44BABEBBAC3D}"
EndProject
Global
	GlobalSection(SolutionConfigurationPlatforms) = preSolution
		Debug|Any CPU = Debug|Any CPU
		Release|Any CPU = Release|Any CPU
	EndGlobalSection
	GlobalSection(ProjectConfigurationPlatforms) = postSolution
		{30EAB3DE-F47E-45C8-B779-44BABEBBAC3D}.Debug|Any CPU.ActiveCfg = Debug|Any CPU
		{30EAB3DE-F47E-45C8-B779-44BABEBBAC3D}.Debug|Any CPU.Build.0 = Debug|Any CPU
		{30EAB3DE-F47E-45C8-B779-44BABEBBAC3D}.Release|Any CPU.ActiveCfg = Release|Any CPU
		{30EAB3DE-F47E-45C8-B779-44BABEBBAC3D}.Release|Any CPU.Build.0 = Release|Any CPU
	EndGlobalSection
	GlobalSection(SolutionProperties) = preSolution
		HideSolutionNode = FALSE
	EndGlobalSection
	GlobalSection(ExtensibilityGlobals) = postSolution
		SolutionGuid = {D70AEB26-9ABD-4451-9AE6-E72B72CC5675}
	EndGlobalSection
EndGlobal
